
Microsoft Visual Studio Solution File, Format Version 12.00
# Visual Studio Version 17
VisualStudioVersion = 17.7.34024.191
MinimumVisualStudioVersion = 10.0.40219.1
Project("{FAE04EC0-301F-11D3-BF4B-00C04F79EFBC}") = "toplantiuygulamasi", "toplantiuygulamasi\toplantiuygulamasi.csproj", "{F4D4FEF7-ACB2-4097-B601-3D5AAE11214B}"
EndProject
Global
	GlobalSection(SolutionConfigurationPlatforms) = preSolution
		Debug|Any CPU = Debug|Any CPU
		Release|Any CPU = Release|Any CPU
	EndGlobalSection
	GlobalSection(ProjectConfigurationPlatforms) = postSolution
		{F4D4FEF7-ACB2-4097-B601-3D5AAE11214B}.Debug|Any CPU.ActiveCfg = Debug|Any CPU
		{F4D4FEF7-ACB2-4097-B601-3D5AAE11214B}.Debug|Any CPU.Build.0 = Debug|Any CPU
		{F4D4FEF7-ACB2-4097-B601-3D5AAE11214B}.Release|Any CPU.ActiveCfg = Release|Any CPU
		{F4D4FEF7-ACB2-4097-B601-3D5AAE11214B}.Release|Any CPU.Build.0 = Release|Any CPU
	EndGlobalSection
	GlobalSection(SolutionProperties) = preSolution
		HideSolutionNode = FALSE
	EndGlobalSection
	GlobalSection(ExtensibilityGlobals) = postSolution
		SolutionGuid = {854E3540-5005-4808-8A88-5F86E903C89D}
	EndGlobalSection
EndGlobal
